// !$*UTF8*$!
{
	archiveVersion = 1;
	classes = {
	};
	objectVersion = 55;
	objects = {

/* Begin PBXBuildFile section */
		311A1BCA5279EBE815A51A17 /* Pods_Nate_Assignment_Nate_AssignmentUITests.framework in Frameworks */ = {isa = PBXBuildFile; fileRef = E737BC8A23D1E33C8EC70118 /* Pods_Nate_Assignment_Nate_AssignmentUITests.framework */; };
		9EF01EF8BDCA7370BE56680B /* Pods_Nate_Assignment.framework in Frameworks */ = {isa = PBXBuildFile; fileRef = D3AFF8DB8B22E2D3211F803C /* Pods_Nate_Assignment.framework */; };
		D0309F2EF3A95F1B0BD35972 /* Pods_Nate_AssignmentTests.framework in Frameworks */ = {isa = PBXBuildFile; fileRef = E2CE6FD5D7B83892F5B431BC /* Pods_Nate_AssignmentTests.framework */; };
		F7050D7E287B057C0079B3D6 /* CollectionExtension.swift in Sources */ = {isa = PBXBuildFile; fileRef = F7050D7D287B057C0079B3D6 /* CollectionExtension.swift */; };
		F7050D80287C3AA50079B3D6 /* ProductDetailsViewController.swift in Sources */ = {isa = PBXBuildFile; fileRef = F7050D7F287C3AA50079B3D6 /* ProductDetailsViewController.swift */; };
		F7397B43287C3C52007E4A31 /* ImageCollectionCell.swift in Sources */ = {isa = PBXBuildFile; fileRef = F7397B42287C3C52007E4A31 /* ImageCollectionCell.swift */; };
		F7397B46287C576F007E4A31 /* Consts.swift in Sources */ = {isa = PBXBuildFile; fileRef = F7397B45287C576F007E4A31 /* Consts.swift */; };
		F7397B48287C66A1007E4A31 /* validPayloadJson.json in Resources */ = {isa = PBXBuildFile; fileRef = F7397B47287C66A1007E4A31 /* validPayloadJson.json */; };
		F74BA0A8287C69B000C7AC1C /* noIdPayloadJson.json in Resources */ = {isa = PBXBuildFile; fileRef = F74BA0A7287C69B000C7AC1C /* noIdPayloadJson.json */; };
		F75636F5287994F70013EBC7 /* AppDelegate.swift in Sources */ = {isa = PBXBuildFile; fileRef = F75636F4287994F70013EBC7 /* AppDelegate.swift */; };
		F75636F7287994F70013EBC7 /* SceneDelegate.swift in Sources */ = {isa = PBXBuildFile; fileRef = F75636F6287994F70013EBC7 /* SceneDelegate.swift */; };
		F75636F9287994F70013EBC7 /* ProductsCollectionViewController.swift in Sources */ = {isa = PBXBuildFile; fileRef = F75636F8287994F70013EBC7 /* ProductsCollectionViewController.swift */; };
		F75636FC287994F70013EBC7 /* Main.storyboard in Resources */ = {isa = PBXBuildFile; fileRef = F75636FA287994F70013EBC7 /* Main.storyboard */; };
		F75636FE287994FA0013EBC7 /* Assets.xcassets in Resources */ = {isa = PBXBuildFile; fileRef = F75636FD287994FA0013EBC7 /* Assets.xcassets */; };
		F7563701287994FA0013EBC7 /* LaunchScreen.storyboard in Resources */ = {isa = PBXBuildFile; fileRef = F75636FF287994FA0013EBC7 /* LaunchScreen.storyboard */; };
		F756370C287994FA0013EBC7 /* Nate_AssignmentTests.swift in Sources */ = {isa = PBXBuildFile; fileRef = F756370B287994FA0013EBC7 /* Nate_AssignmentTests.swift */; };
		F7563716287994FA0013EBC7 /* Nate_AssignmentUITests.swift in Sources */ = {isa = PBXBuildFile; fileRef = F7563715287994FA0013EBC7 /* Nate_AssignmentUITests.swift */; };
		F7563718287994FA0013EBC7 /* Nate_AssignmentUITestsLaunchTests.swift in Sources */ = {isa = PBXBuildFile; fileRef = F7563717287994FA0013EBC7 /* Nate_AssignmentUITestsLaunchTests.swift */; };
		F75637282879AE670013EBC7 /* ProductsApi.swift in Sources */ = {isa = PBXBuildFile; fileRef = F75637272879AE670013EBC7 /* ProductsApi.swift */; };
		F756372A2879AE820013EBC7 /* ApiConsts.swift in Sources */ = {isa = PBXBuildFile; fileRef = F75637292879AE820013EBC7 /* ApiConsts.swift */; };
		F756372D2879AEB00013EBC7 /* ProductCell.swift in Sources */ = {isa = PBXBuildFile; fileRef = F756372C2879AEB00013EBC7 /* ProductCell.swift */; };
		F756372F2879B1260013EBC7 /* ProductModel.swift in Sources */ = {isa = PBXBuildFile; fileRef = F756372E2879B1260013EBC7 /* ProductModel.swift */; };
/* End PBXBuildFile section */

/* Begin PBXContainerItemProxy section */
		F7563708287994FA0013EBC7 /* PBXContainerItemProxy */ = {
			isa = PBXContainerItemProxy;
			containerPortal = F75636E9287994F70013EBC7 /* Project object */;
			proxyType = 1;
			remoteGlobalIDString = F75636F0287994F70013EBC7;
			remoteInfo = "Nate Assignment";
		};
		F7563712287994FA0013EBC7 /* PBXContainerItemProxy */ = {
			isa = PBXContainerItemProxy;
			containerPortal = F75636E9287994F70013EBC7 /* Project object */;
			proxyType = 1;
			remoteGlobalIDString = F75636F0287994F70013EBC7;
			remoteInfo = "Nate Assignment";
		};
/* End PBXContainerItemProxy section */

/* Begin PBXFileReference section */
		7D36D623012063335D57329F /* Pods-Nate Assignment-Nate AssignmentUITests.debug.xcconfig */ = {isa = PBXFileReference; includeInIndex = 1; lastKnownFileType = text.xcconfig; name = "Pods-Nate Assignment-Nate AssignmentUITests.debug.xcconfig"; path = "Target Support Files/Pods-Nate Assignment-Nate AssignmentUITests/Pods-Nate Assignment-Nate AssignmentUITests.debug.xcconfig"; sourceTree = "<group>"; };
		7F8D200A6B7D79779F6DECD6 /* Pods-Nate Assignment.debug.xcconfig */ = {isa = PBXFileReference; includeInIndex = 1; lastKnownFileType = text.xcconfig; name = "Pods-Nate Assignment.debug.xcconfig"; path = "Target Support Files/Pods-Nate Assignment/Pods-Nate Assignment.debug.xcconfig"; sourceTree = "<group>"; };
		C001E87C8D41D22C80FD3803 /* Pods-Nate AssignmentTests.debug.xcconfig */ = {isa = PBXFileReference; includeInIndex = 1; lastKnownFileType = text.xcconfig; name = "Pods-Nate AssignmentTests.debug.xcconfig"; path = "Target Support Files/Pods-Nate AssignmentTests/Pods-Nate AssignmentTests.debug.xcconfig"; sourceTree = "<group>"; };
		D3AFF8DB8B22E2D3211F803C /* Pods_Nate_Assignment.framework */ = {isa = PBXFileReference; explicitFileType = wrapper.framework; includeInIndex = 0; path = Pods_Nate_Assignment.framework; sourceTree = BUILT_PRODUCTS_DIR; };
		E2CE6FD5D7B83892F5B431BC /* Pods_Nate_AssignmentTests.framework */ = {isa = PBXFileReference; explicitFileType = wrapper.framework; includeInIndex = 0; path = Pods_Nate_AssignmentTests.framework; sourceTree = BUILT_PRODUCTS_DIR; };
		E737BC8A23D1E33C8EC70118 /* Pods_Nate_Assignment_Nate_AssignmentUITests.framework */ = {isa = PBXFileReference; explicitFileType = wrapper.framework; includeInIndex = 0; path = Pods_Nate_Assignment_Nate_AssignmentUITests.framework; sourceTree = BUILT_PRODUCTS_DIR; };
		EB63EF71D21B5C6E293B1784 /* Pods-Nate Assignment.release.xcconfig */ = {isa = PBXFileReference; includeInIndex = 1; lastKnownFileType = text.xcconfig; name = "Pods-Nate Assignment.release.xcconfig"; path = "Target Support Files/Pods-Nate Assignment/Pods-Nate Assignment.release.xcconfig"; sourceTree = "<group>"; };
		F153645E09ABAF31B1724413 /* Pods-Nate Assignment-Nate AssignmentUITests.release.xcconfig */ = {isa = PBXFileReference; includeInIndex = 1; lastKnownFileType = text.xcconfig; name = "Pods-Nate Assignment-Nate AssignmentUITests.release.xcconfig"; path = "Target Support Files/Pods-Nate Assignment-Nate AssignmentUITests/Pods-Nate Assignment-Nate AssignmentUITests.release.xcconfig"; sourceTree = "<group>"; };
		F7050D7D287B057C0079B3D6 /* CollectionExtension.swift */ = {isa = PBXFileReference; lastKnownFileType = sourcecode.swift; path = CollectionExtension.swift; sourceTree = "<group>"; };
		F7050D7F287C3AA50079B3D6 /* ProductDetailsViewController.swift */ = {isa = PBXFileReference; lastKnownFileType = sourcecode.swift; path = ProductDetailsViewController.swift; sourceTree = "<group>"; };
		F7397B42287C3C52007E4A31 /* ImageCollectionCell.swift */ = {isa = PBXFileReference; lastKnownFileType = sourcecode.swift; path = ImageCollectionCell.swift; sourceTree = "<group>"; };
		F7397B45287C576F007E4A31 /* Consts.swift */ = {isa = PBXFileReference; lastKnownFileType = sourcecode.swift; path = Consts.swift; sourceTree = "<group>"; };
		F7397B47287C66A1007E4A31 /* validPayloadJson.json */ = {isa = PBXFileReference; fileEncoding = 4; lastKnownFileType = text.json; name = validPayloadJson.json; path = "Nate AssignmentTests/jsonFiles/validPayloadJson.json"; sourceTree = SOURCE_ROOT; };
		F74BA0A7287C69B000C7AC1C /* noIdPayloadJson.json */ = {isa = PBXFileReference; fileEncoding = 4; lastKnownFileType = text.json; path = noIdPayloadJson.json; sourceTree = "<group>"; };
		F75636F1287994F70013EBC7 /* Nate Assignment.app */ = {isa = PBXFileReference; explicitFileType = wrapper.application; includeInIndex = 0; path = "Nate Assignment.app"; sourceTree = BUILT_PRODUCTS_DIR; };
		F75636F4287994F70013EBC7 /* AppDelegate.swift */ = {isa = PBXFileReference; lastKnownFileType = sourcecode.swift; path = AppDelegate.swift; sourceTree = "<group>"; };
		F75636F6287994F70013EBC7 /* SceneDelegate.swift */ = {isa = PBXFileReference; lastKnownFileType = sourcecode.swift; path = SceneDelegate.swift; sourceTree = "<group>"; };
		F75636F8287994F70013EBC7 /* ProductsCollectionViewController.swift */ = {isa = PBXFileReference; lastKnownFileType = sourcecode.swift; path = ProductsCollectionViewController.swift; sourceTree = "<group>"; };
		F75636FB287994F70013EBC7 /* Base */ = {isa = PBXFileReference; lastKnownFileType = file.storyboard; name = Base; path = Base.lproj/Main.storyboard; sourceTree = "<group>"; };
		F75636FD287994FA0013EBC7 /* Assets.xcassets */ = {isa = PBXFileReference; lastKnownFileType = folder.assetcatalog; path = Assets.xcassets; sourceTree = "<group>"; };
		F7563700287994FA0013EBC7 /* Base */ = {isa = PBXFileReference; lastKnownFileType = file.storyboard; name = Base; path = Base.lproj/LaunchScreen.storyboard; sourceTree = "<group>"; };
		F7563702287994FA0013EBC7 /* Info.plist */ = {isa = PBXFileReference; lastKnownFileType = text.plist.xml; path = Info.plist; sourceTree = "<group>"; };
		F7563707287994FA0013EBC7 /* Nate AssignmentTests.xctest */ = {isa = PBXFileReference; explicitFileType = wrapper.cfbundle; includeInIndex = 0; path = "Nate AssignmentTests.xctest"; sourceTree = BUILT_PRODUCTS_DIR; };
		F756370B287994FA0013EBC7 /* Nate_AssignmentTests.swift */ = {isa = PBXFileReference; lastKnownFileType = sourcecode.swift; path = Nate_AssignmentTests.swift; sourceTree = "<group>"; };
		F7563711287994FA0013EBC7 /* Nate AssignmentUITests.xctest */ = {isa = PBXFileReference; explicitFileType = wrapper.cfbundle; includeInIndex = 0; path = "Nate AssignmentUITests.xctest"; sourceTree = BUILT_PRODUCTS_DIR; };
		F7563715287994FA0013EBC7 /* Nate_AssignmentUITests.swift */ = {isa = PBXFileReference; lastKnownFileType = sourcecode.swift; path = Nate_AssignmentUITests.swift; sourceTree = "<group>"; };
		F7563717287994FA0013EBC7 /* Nate_AssignmentUITestsLaunchTests.swift */ = {isa = PBXFileReference; lastKnownFileType = sourcecode.swift; path = Nate_AssignmentUITestsLaunchTests.swift; sourceTree = "<group>"; };
		F75637272879AE670013EBC7 /* ProductsApi.swift */ = {isa = PBXFileReference; lastKnownFileType = sourcecode.swift; path = ProductsApi.swift; sourceTree = "<group>"; };
		F75637292879AE820013EBC7 /* ApiConsts.swift */ = {isa = PBXFileReference; lastKnownFileType = sourcecode.swift; path = ApiConsts.swift; sourceTree = "<group>"; };
		F756372C2879AEB00013EBC7 /* ProductCell.swift */ = {isa = PBXFileReference; lastKnownFileType = sourcecode.swift; path = ProductCell.swift; sourceTree = "<group>"; };
		F756372E2879B1260013EBC7 /* ProductModel.swift */ = {isa = PBXFileReference; lastKnownFileType = sourcecode.swift; path = ProductModel.swift; sourceTree = "<group>"; };
		FF07C51D020AC9ECFCB2EB48 /* Pods-Nate AssignmentTests.release.xcconfig */ = {isa = PBXFileReference; includeInIndex = 1; lastKnownFileType = text.xcconfig; name = "Pods-Nate AssignmentTests.release.xcconfig"; path = "Target Support Files/Pods-Nate AssignmentTests/Pods-Nate AssignmentTests.release.xcconfig"; sourceTree = "<group>"; };
/* End PBXFileReference section */

/* Begin PBXFrameworksBuildPhase section */
		F75636EE287994F70013EBC7 /* Frameworks */ = {
			isa = PBXFrameworksBuildPhase;
			buildActionMask = 2147483647;
			files = (
				9EF01EF8BDCA7370BE56680B /* Pods_Nate_Assignment.framework in Frameworks */,
			);
			runOnlyForDeploymentPostprocessing = 0;
		};
		F7563704287994FA0013EBC7 /* Frameworks */ = {
			isa = PBXFrameworksBuildPhase;
			buildActionMask = 2147483647;
			files = (
				D0309F2EF3A95F1B0BD35972 /* Pods_Nate_AssignmentTests.framework in Frameworks */,
			);
			runOnlyForDeploymentPostprocessing = 0;
		};
		F756370E287994FA0013EBC7 /* Frameworks */ = {
			isa = PBXFrameworksBuildPhase;
			buildActionMask = 2147483647;
			files = (
				311A1BCA5279EBE815A51A17 /* Pods_Nate_Assignment_Nate_AssignmentUITests.framework in Frameworks */,
			);
			runOnlyForDeploymentPostprocessing = 0;
		};
/* End PBXFrameworksBuildPhase section */

/* Begin PBXGroup section */
		69D3D2E70BF113FF702E02EB /* Frameworks */ = {
			isa = PBXGroup;
			children = (
				D3AFF8DB8B22E2D3211F803C /* Pods_Nate_Assignment.framework */,
				E737BC8A23D1E33C8EC70118 /* Pods_Nate_Assignment_Nate_AssignmentUITests.framework */,
				E2CE6FD5D7B83892F5B431BC /* Pods_Nate_AssignmentTests.framework */,
			);
			name = Frameworks;
			sourceTree = "<group>";
		};
		9F9A591FA55DC93220C0A502 /* Pods */ = {
			isa = PBXGroup;
			children = (
				7F8D200A6B7D79779F6DECD6 /* Pods-Nate Assignment.debug.xcconfig */,
				EB63EF71D21B5C6E293B1784 /* Pods-Nate Assignment.release.xcconfig */,
				7D36D623012063335D57329F /* Pods-Nate Assignment-Nate AssignmentUITests.debug.xcconfig */,
				F153645E09ABAF31B1724413 /* Pods-Nate Assignment-Nate AssignmentUITests.release.xcconfig */,
				C001E87C8D41D22C80FD3803 /* Pods-Nate AssignmentTests.debug.xcconfig */,
				FF07C51D020AC9ECFCB2EB48 /* Pods-Nate AssignmentTests.release.xcconfig */,
			);
			path = Pods;
			sourceTree = "<group>";
		};
		F7050D7C287B056C0079B3D6 /* Extensions */ = {
			isa = PBXGroup;
			children = (
				F7050D7D287B057C0079B3D6 /* CollectionExtension.swift */,
			);
			path = Extensions;
			sourceTree = "<group>";
		};
		F7397B44287C552A007E4A31 /* Consts */ = {
			isa = PBXGroup;
			children = (
				F7397B45287C576F007E4A31 /* Consts.swift */,
			);
			path = Consts;
			sourceTree = "<group>";
		};
		F7397B49287C66A6007E4A31 /* jsonFiles */ = {
			isa = PBXGroup;
			children = (
				F74BA0A7287C69B000C7AC1C /* noIdPayloadJson.json */,
				F7397B47287C66A1007E4A31 /* validPayloadJson.json */,
			);
			path = jsonFiles;
			sourceTree = "<group>";
		};
		F75636E8287994F70013EBC7 = {
			isa = PBXGroup;
			children = (
				F75636F3287994F70013EBC7 /* Nate Assignment */,
				F756370A287994FA0013EBC7 /* Nate AssignmentTests */,
				F7563714287994FA0013EBC7 /* Nate AssignmentUITests */,
				F75636F2287994F70013EBC7 /* Products */,
				9F9A591FA55DC93220C0A502 /* Pods */,
				69D3D2E70BF113FF702E02EB /* Frameworks */,
			);
			sourceTree = "<group>";
		};
		F75636F2287994F70013EBC7 /* Products */ = {
			isa = PBXGroup;
			children = (
				F75636F1287994F70013EBC7 /* Nate Assignment.app */,
				F7563707287994FA0013EBC7 /* Nate AssignmentTests.xctest */,
				F7563711287994FA0013EBC7 /* Nate AssignmentUITests.xctest */,
			);
			name = Products;
			sourceTree = "<group>";
		};
		F75636F3287994F70013EBC7 /* Nate Assignment */ = {
			isa = PBXGroup;
			children = (
				F7397B44287C552A007E4A31 /* Consts */,
				F7050D7C287B056C0079B3D6 /* Extensions */,
				F75637262879AE3B0013EBC7 /* Controllers */,
				F75637252879AE330013EBC7 /* Views */,
				F75637242879AE2B0013EBC7 /* Models */,
				F75636F4287994F70013EBC7 /* AppDelegate.swift */,
				F75636F6287994F70013EBC7 /* SceneDelegate.swift */,
				F75636FA287994F70013EBC7 /* Main.storyboard */,
				F75636FD287994FA0013EBC7 /* Assets.xcassets */,
				F75636FF287994FA0013EBC7 /* LaunchScreen.storyboard */,
				F7563702287994FA0013EBC7 /* Info.plist */,
			);
			path = "Nate Assignment";
			sourceTree = "<group>";
		};
		F756370A287994FA0013EBC7 /* Nate AssignmentTests */ = {
			isa = PBXGroup;
			children = (
				F7397B49287C66A6007E4A31 /* jsonFiles */,
				F756370B287994FA0013EBC7 /* Nate_AssignmentTests.swift */,
			);
			path = "Nate AssignmentTests";
			sourceTree = "<group>";
		};
		F7563714287994FA0013EBC7 /* Nate AssignmentUITests */ = {
			isa = PBXGroup;
			children = (
				F7563715287994FA0013EBC7 /* Nate_AssignmentUITests.swift */,
				F7563717287994FA0013EBC7 /* Nate_AssignmentUITestsLaunchTests.swift */,
			);
			path = "Nate AssignmentUITests";
			sourceTree = "<group>";
		};
		F75637242879AE2B0013EBC7 /* Models */ = {
			isa = PBXGroup;
			children = (
				F756372E2879B1260013EBC7 /* ProductModel.swift */,
			);
			path = Models;
			sourceTree = "<group>";
		};
		F75637252879AE330013EBC7 /* Views */ = {
			isa = PBXGroup;
			children = (
				F756372B2879AEA20013EBC7 /* Cells */,
				F75636F8287994F70013EBC7 /* ProductsCollectionViewController.swift */,
				F7050D7F287C3AA50079B3D6 /* ProductDetailsViewController.swift */,
			);
			path = Views;
			sourceTree = "<group>";
		};
		F75637262879AE3B0013EBC7 /* Controllers */ = {
			isa = PBXGroup;
			children = (
				F75637272879AE670013EBC7 /* ProductsApi.swift */,
				F75637292879AE820013EBC7 /* ApiConsts.swift */,
			);
			path = Controllers;
			sourceTree = "<group>";
		};
		F756372B2879AEA20013EBC7 /* Cells */ = {
			isa = PBXGroup;
			children = (
				F756372C2879AEB00013EBC7 /* ProductCell.swift */,
				F7397B42287C3C52007E4A31 /* ImageCollectionCell.swift */,
			);
			path = Cells;
			sourceTree = "<group>";
		};
/* End PBXGroup section */

/* Begin PBXNativeTarget section */
		F75636F0287994F70013EBC7 /* Nate Assignment */ = {
			isa = PBXNativeTarget;
			buildConfigurationList = F756371B287994FA0013EBC7 /* Build configuration list for PBXNativeTarget "Nate Assignment" */;
			buildPhases = (
				C1ED768FC3BA46D355D07E43 /* [CP] Check Pods Manifest.lock */,
				F75636ED287994F70013EBC7 /* Sources */,
				F75636EE287994F70013EBC7 /* Frameworks */,
				F75636EF287994F70013EBC7 /* Resources */,
				CB4518F4F8889CD710C7B2D8 /* [CP] Embed Pods Frameworks */,
			);
			buildRules = (
			);
			dependencies = (
			);
			name = "Nate Assignment";
			productName = "Nate Assignment";
			productReference = F75636F1287994F70013EBC7 /* Nate Assignment.app */;
			productType = "com.apple.product-type.application";
		};
		F7563706287994FA0013EBC7 /* Nate AssignmentTests */ = {
			isa = PBXNativeTarget;
			buildConfigurationList = F756371E287994FA0013EBC7 /* Build configuration list for PBXNativeTarget "Nate AssignmentTests" */;
			buildPhases = (
				A9B80C87F5A1E66AEAC673FB /* [CP] Check Pods Manifest.lock */,
				F7563703287994FA0013EBC7 /* Sources */,
				F7563704287994FA0013EBC7 /* Frameworks */,
				F7563705287994FA0013EBC7 /* Resources */,
			);
			buildRules = (
			);
			dependencies = (
				F7563709287994FA0013EBC7 /* PBXTargetDependency */,
			);
			name = "Nate AssignmentTests";
			productName = "Nate AssignmentTests";
			productReference = F7563707287994FA0013EBC7 /* Nate AssignmentTests.xctest */;
			productType = "com.apple.product-type.bundle.unit-test";
		};
		F7563710287994FA0013EBC7 /* Nate AssignmentUITests */ = {
			isa = PBXNativeTarget;
			buildConfigurationList = F7563721287994FA0013EBC7 /* Build configuration list for PBXNativeTarget "Nate AssignmentUITests" */;
			buildPhases = (
				F0CA999E137B61F154229F98 /* [CP] Check Pods Manifest.lock */,
				F756370D287994FA0013EBC7 /* Sources */,
				F756370E287994FA0013EBC7 /* Frameworks */,
				F756370F287994FA0013EBC7 /* Resources */,
				CF79ED710C0262DF96D996FC /* [CP] Embed Pods Frameworks */,
			);
			buildRules = (
			);
			dependencies = (
				F7563713287994FA0013EBC7 /* PBXTargetDependency */,
			);
			name = "Nate AssignmentUITests";
			productName = "Nate AssignmentUITests";
			productReference = F7563711287994FA0013EBC7 /* Nate AssignmentUITests.xctest */;
			productType = "com.apple.product-type.bundle.ui-testing";
		};
/* End PBXNativeTarget section */

/* Begin PBXProject section */
		F75636E9287994F70013EBC7 /* Project object */ = {
			isa = PBXProject;
			attributes = {
				BuildIndependentTargetsInParallel = 1;
				LastSwiftUpdateCheck = 1340;
				LastUpgradeCheck = 1340;
				TargetAttributes = {
					F75636F0287994F70013EBC7 = {
						CreatedOnToolsVersion = 13.4.1;
					};
					F7563706287994FA0013EBC7 = {
						CreatedOnToolsVersion = 13.4.1;
						TestTargetID = F75636F0287994F70013EBC7;
					};
					F7563710287994FA0013EBC7 = {
						CreatedOnToolsVersion = 13.4.1;
						TestTargetID = F75636F0287994F70013EBC7;
					};
				};
			};
			buildConfigurationList = F75636EC287994F70013EBC7 /* Build configuration list for PBXProject "Nate Assignment" */;
			compatibilityVersion = "Xcode 13.0";
			developmentRegion = en;
			hasScannedForEncodings = 0;
			knownRegions = (
				en,
				Base,
			);
			mainGroup = F75636E8287994F70013EBC7;
			productRefGroup = F75636F2287994F70013EBC7 /* Products */;
			projectDirPath = "";
			projectRoot = "";
			targets = (
				F75636F0287994F70013EBC7 /* Nate Assignment */,
				F7563706287994FA0013EBC7 /* Nate AssignmentTests */,
				F7563710287994FA0013EBC7 /* Nate AssignmentUITests */,
			);
		};
/* End PBXProject section */

/* Begin PBXResourcesBuildPhase section */
		F75636EF287994F70013EBC7 /* Resources */ = {
			isa = PBXResourcesBuildPhase;
			buildActionMask = 2147483647;
			files = (
				F7563701287994FA0013EBC7 /* LaunchScreen.storyboard in Resources */,
				F75636FE287994FA0013EBC7 /* Assets.xcassets in Resources */,
				F75636FC287994F70013EBC7 /* Main.storyboard in Resources */,
			);
			runOnlyForDeploymentPostprocessing = 0;
		};
		F7563705287994FA0013EBC7 /* Resources */ = {
			isa = PBXResourcesBuildPhase;
			buildActionMask = 2147483647;
			files = (
				F74BA0A8287C69B000C7AC1C /* noIdPayloadJson.json in Resources */,
				F7397B48287C66A1007E4A31 /* validPayloadJson.json in Resources */,
			);
			runOnlyForDeploymentPostprocessing = 0;
		};
		F756370F287994FA0013EBC7 /* Resources */ = {
			isa = PBXResourcesBuildPhase;
			buildActionMask = 2147483647;
			files = (
			);
			runOnlyForDeploymentPostprocessing = 0;
		};
/* End PBXResourcesBuildPhase section */

/* Begin PBXShellScriptBuildPhase section */
		A9B80C87F5A1E66AEAC673FB /* [CP] Check Pods Manifest.lock */ = {
			isa = PBXShellScriptBuildPhase;
			buildActionMask = 2147483647;
			files = (
			);
			inputFileListPaths = (
			);
			inputPaths = (
				"${PODS_PODFILE_DIR_PATH}/Podfile.lock",
				"${PODS_ROOT}/Manifest.lock",
			);
			name = "[CP] Check Pods Manifest.lock";
			outputFileListPaths = (
			);
			outputPaths = (
				"$(DERIVED_FILE_DIR)/Pods-Nate AssignmentTests-checkManifestLockResult.txt",
			);
			runOnlyForDeploymentPostprocessing = 0;
			shellPath = /bin/sh;
			shellScript = "diff \"${PODS_PODFILE_DIR_PATH}/Podfile.lock\" \"${PODS_ROOT}/Manifest.lock\" > /dev/null\nif [ $? != 0 ] ; then\n    # print error to STDERR\n    echo \"error: The sandbox is not in sync with the Podfile.lock. Run 'pod install' or update your CocoaPods installation.\" >&2\n    exit 1\nfi\n# This output is used by Xcode 'outputs' to avoid re-running this script phase.\necho \"SUCCESS\" > \"${SCRIPT_OUTPUT_FILE_0}\"\n";
			showEnvVarsInLog = 0;
		};
		C1ED768FC3BA46D355D07E43 /* [CP] Check Pods Manifest.lock */ = {
			isa = PBXShellScriptBuildPhase;
			buildActionMask = 2147483647;
			files = (
			);
			inputFileListPaths = (
			);
			inputPaths = (
				"${PODS_PODFILE_DIR_PATH}/Podfile.lock",
				"${PODS_ROOT}/Manifest.lock",
			);
			name = "[CP] Check Pods Manifest.lock";
			outputFileListPaths = (
			);
			outputPaths = (
				"$(DERIVED_FILE_DIR)/Pods-Nate Assignment-checkManifestLockResult.txt",
			);
			runOnlyForDeploymentPostprocessing = 0;
			shellPath = /bin/sh;
			shellScript = "diff \"${PODS_PODFILE_DIR_PATH}/Podfile.lock\" \"${PODS_ROOT}/Manifest.lock\" > /dev/null\nif [ $? != 0 ] ; then\n    # print error to STDERR\n    echo \"error: The sandbox is not in sync with the Podfile.lock. Run 'pod install' or update your CocoaPods installation.\" >&2\n    exit 1\nfi\n# This output is used by Xcode 'outputs' to avoid re-running this script phase.\necho \"SUCCESS\" > \"${SCRIPT_OUTPUT_FILE_0}\"\n";
			showEnvVarsInLog = 0;
		};
		CB4518F4F8889CD710C7B2D8 /* [CP] Embed Pods Frameworks */ = {
			isa = PBXShellScriptBuildPhase;
			buildActionMask = 2147483647;
			files = (
			);
			inputFileListPaths = (
				"${PODS_ROOT}/Target Support Files/Pods-Nate Assignment/Pods-Nate Assignment-frameworks-${CONFIGURATION}-input-files.xcfilelist",
			);
			name = "[CP] Embed Pods Frameworks";
			outputFileListPaths = (
				"${PODS_ROOT}/Target Support Files/Pods-Nate Assignment/Pods-Nate Assignment-frameworks-${CONFIGURATION}-output-files.xcfilelist",
			);
			runOnlyForDeploymentPostprocessing = 0;
			shellPath = /bin/sh;
			shellScript = "\"${PODS_ROOT}/Target Support Files/Pods-Nate Assignment/Pods-Nate Assignment-frameworks.sh\"\n";
			showEnvVarsInLog = 0;
		};
		CF79ED710C0262DF96D996FC /* [CP] Embed Pods Frameworks */ = {
			isa = PBXShellScriptBuildPhase;
			buildActionMask = 2147483647;
			files = (
			);
			inputFileListPaths = (
				"${PODS_ROOT}/Target Support Files/Pods-Nate Assignment-Nate AssignmentUITests/Pods-Nate Assignment-Nate AssignmentUITests-frameworks-${CONFIGURATION}-input-files.xcfilelist",
			);
			name = "[CP] Embed Pods Frameworks";
			outputFileListPaths = (
				"${PODS_ROOT}/Target Support Files/Pods-Nate Assignment-Nate AssignmentUITests/Pods-Nate Assignment-Nate AssignmentUITests-frameworks-${CONFIGURATION}-output-files.xcfilelist",
			);
			runOnlyForDeploymentPostprocessing = 0;
			shellPath = /bin/sh;
			shellScript = "\"${PODS_ROOT}/Target Support Files/Pods-Nate Assignment-Nate AssignmentUITests/Pods-Nate Assignment-Nate AssignmentUITests-frameworks.sh\"\n";
			showEnvVarsInLog = 0;
		};
		F0CA999E137B61F154229F98 /* [CP] Check Pods Manifest.lock */ = {
			isa = PBXShellScriptBuildPhase;
			buildActionMask = 2147483647;
			files = (
			);
			inputFileListPaths = (
			);
			inputPaths = (
				"${PODS_PODFILE_DIR_PATH}/Podfile.lock",
				"${PODS_ROOT}/Manifest.lock",
			);
			name = "[CP] Check Pods Manifest.lock";
			outputFileListPaths = (
			);
			outputPaths = (
				"$(DERIVED_FILE_DIR)/Pods-Nate Assignment-Nate AssignmentUITests-checkManifestLockResult.txt",
			);
			runOnlyForDeploymentPostprocessing = 0;
			shellPath = /bin/sh;
			shellScript = "diff \"${PODS_PODFILE_DIR_PATH}/Podfile.lock\" \"${PODS_ROOT}/Manifest.lock\" > /dev/null\nif [ $? != 0 ] ; then\n    # print error to STDERR\n    echo \"error: The sandbox is not in sync with the Podfile.lock. Run 'pod install' or update your CocoaPods installation.\" >&2\n    exit 1\nfi\n# This output is used by Xcode 'outputs' to avoid re-running this script phase.\necho \"SUCCESS\" > \"${SCRIPT_OUTPUT_FILE_0}\"\n";
			showEnvVarsInLog = 0;
		};
/* End PBXShellScriptBuildPhase section */

/* Begin PBXSourcesBuildPhase section */
		F75636ED287994F70013EBC7 /* Sources */ = {
			isa = PBXSourcesBuildPhase;
			buildActionMask = 2147483647;
			files = (
				F75636F9287994F70013EBC7 /* ProductsCollectionViewController.swift in Sources */,
				F75636F5287994F70013EBC7 /* AppDelegate.swift in Sources */,
				F75637282879AE670013EBC7 /* ProductsApi.swift in Sources */,
				F7397B43287C3C52007E4A31 /* ImageCollectionCell.swift in Sources */,
				F756372D2879AEB00013EBC7 /* ProductCell.swift in Sources */,
				F756372A2879AE820013EBC7 /* ApiConsts.swift in Sources */,
				F7050D7E287B057C0079B3D6 /* CollectionExtension.swift in Sources */,
				F7050D80287C3AA50079B3D6 /* ProductDetailsViewController.swift in Sources */,
				F7397B46287C576F007E4A31 /* Consts.swift in Sources */,
				F756372F2879B1260013EBC7 /* ProductModel.swift in Sources */,
				F75636F7287994F70013EBC7 /* SceneDelegate.swift in Sources */,
			);
			runOnlyForDeploymentPostprocessing = 0;
		};
		F7563703287994FA0013EBC7 /* Sources */ = {
			isa = PBXSourcesBuildPhase;
			buildActionMask = 2147483647;
			files = (
				F756370C287994FA0013EBC7 /* Nate_AssignmentTests.swift in Sources */,
			);
			runOnlyForDeploymentPostprocessing = 0;
		};
		F756370D287994FA0013EBC7 /* Sources */ = {
			isa = PBXSourcesBuildPhase;
			buildActionMask = 2147483647;
			files = (
				F7563716287994FA0013EBC7 /* Nate_AssignmentUITests.swift in Sources */,
				F7563718287994FA0013EBC7 /* Nate_AssignmentUITestsLaunchTests.swift in Sources */,
			);
			runOnlyForDeploymentPostprocessing = 0;
		};
/* End PBXSourcesBuildPhase section */

/* Begin PBXTargetDependency section */
		F7563709287994FA0013EBC7 /* PBXTargetDependency */ = {
			isa = PBXTargetDependency;
			target = F75636F0287994F70013EBC7 /* Nate Assignment */;
			targetProxy = F7563708287994FA0013EBC7 /* PBXContainerItemProxy */;
		};
		F7563713287994FA0013EBC7 /* PBXTargetDependency */ = {
			isa = PBXTargetDependency;
			target = F75636F0287994F70013EBC7 /* Nate Assignment */;
			targetProxy = F7563712287994FA0013EBC7 /* PBXContainerItemProxy */;
		};
/* End PBXTargetDependency section */

/* Begin PBXVariantGroup section */
		F75636FA287994F70013EBC7 /* Main.storyboard */ = {
			isa = PBXVariantGroup;
			children = (
				F75636FB287994F70013EBC7 /* Base */,
			);
			name = Main.storyboard;
			sourceTree = "<group>";
		};
		F75636FF287994FA0013EBC7 /* LaunchScreen.storyboard */ = {
			isa = PBXVariantGroup;
			children = (
				F7563700287994FA0013EBC7 /* Base */,
			);
			name = LaunchScreen.storyboard;
			sourceTree = "<group>";
		};
/* End PBXVariantGroup section */

/* Begin XCBuildConfiguration section */
		F7563719287994FA0013EBC7 /* Debug */ = {
			isa = XCBuildConfiguration;
			buildSettings = {
				ALWAYS_SEARCH_USER_PATHS = NO;
				CLANG_ANALYZER_NONNULL = YES;
				CLANG_ANALYZER_NUMBER_OBJECT_CONVERSION = YES_AGGRESSIVE;
				CLANG_CXX_LANGUAGE_STANDARD = "gnu++17";
				CLANG_ENABLE_MODULES = YES;
				CLANG_ENABLE_OBJC_ARC = YES;
				CLANG_ENABLE_OBJC_WEAK = YES;
				CLANG_WARN_BLOCK_CAPTURE_AUTORELEASING = YES;
				CLANG_WARN_BOOL_CONVERSION = YES;
				CLANG_WARN_COMMA = YES;
				CLANG_WARN_CONSTANT_CONVERSION = YES;
				CLANG_WARN_DEPRECATED_OBJC_IMPLEMENTATIONS = YES;
				CLANG_WARN_DIRECT_OBJC_ISA_USAGE = YES_ERROR;
				CLANG_WARN_DOCUMENTATION_COMMENTS = YES;
				CLANG_WARN_EMPTY_BODY = YES;
				CLANG_WARN_ENUM_CONVERSION = YES;
				CLANG_WARN_INFINITE_RECURSION = YES;
				CLANG_WARN_INT_CONVERSION = YES;
				CLANG_WARN_NON_LITERAL_NULL_CONVERSION = YES;
				CLANG_WARN_OBJC_IMPLICIT_RETAIN_SELF = YES;
				CLANG_WARN_OBJC_LITERAL_CONVERSION = YES;
				CLANG_WARN_OBJC_ROOT_CLASS = YES_ERROR;
				CLANG_WARN_QUOTED_INCLUDE_IN_FRAMEWORK_HEADER = YES;
				CLANG_WARN_RANGE_LOOP_ANALYSIS = YES;
				CLANG_WARN_STRICT_PROTOTYPES = YES;
				CLANG_WARN_SUSPICIOUS_MOVE = YES;
				CLANG_WARN_UNGUARDED_AVAILABILITY = YES_AGGRESSIVE;
				CLANG_WARN_UNREACHABLE_CODE = YES;
				CLANG_WARN__DUPLICATE_METHOD_MATCH = YES;
				COPY_PHASE_STRIP = NO;
				DEBUG_INFORMATION_FORMAT = dwarf;
				ENABLE_STRICT_OBJC_MSGSEND = YES;
				ENABLE_TESTABILITY = YES;
				GCC_C_LANGUAGE_STANDARD = gnu11;
				GCC_DYNAMIC_NO_PIC = NO;
				GCC_NO_COMMON_BLOCKS = YES;
				GCC_OPTIMIZATION_LEVEL = 0;
				GCC_PREPROCESSOR_DEFINITIONS = (
					"DEBUG=1",
					"$(inherited)",
				);
				GCC_WARN_64_TO_32_BIT_CONVERSION = YES;
				GCC_WARN_ABOUT_RETURN_TYPE = YES_ERROR;
				GCC_WARN_UNDECLARED_SELECTOR = YES;
				GCC_WARN_UNINITIALIZED_AUTOS = YES_AGGRESSIVE;
				GCC_WARN_UNUSED_FUNCTION = YES;
				GCC_WARN_UNUSED_VARIABLE = YES;
				IPHONEOS_DEPLOYMENT_TARGET = 15.5;
				MTL_ENABLE_DEBUG_INFO = INCLUDE_SOURCE;
				MTL_FAST_MATH = YES;
				ONLY_ACTIVE_ARCH = YES;
				SDKROOT = iphoneos;
				SWIFT_ACTIVE_COMPILATION_CONDITIONS = DEBUG;
				SWIFT_OPTIMIZATION_LEVEL = "-Onone";
			};
			name = Debug;
		};
		F756371A287994FA0013EBC7 /* Release */ = {
			isa = XCBuildConfiguration;
			buildSettings = {
				ALWAYS_SEARCH_USER_PATHS = NO;
				CLANG_ANALYZER_NONNULL = YES;
				CLANG_ANALYZER_NUMBER_OBJECT_CONVERSION = YES_AGGRESSIVE;
				CLANG_CXX_LANGUAGE_STANDARD = "gnu++17";
				CLANG_ENABLE_MODULES = YES;
				CLANG_ENABLE_OBJC_ARC = YES;
				CLANG_ENABLE_OBJC_WEAK = YES;
				CLANG_WARN_BLOCK_CAPTURE_AUTORELEASING = YES;
				CLANG_WARN_BOOL_CONVERSION = YES;
				CLANG_WARN_COMMA = YES;
				CLANG_WARN_CONSTANT_CONVERSION = YES;
				CLANG_WARN_DEPRECATED_OBJC_IMPLEMENTATIONS = YES;
				CLANG_WARN_DIRECT_OBJC_ISA_USAGE = YES_ERROR;
				CLANG_WARN_DOCUMENTATION_COMMENTS = YES;
				CLANG_WARN_EMPTY_BODY = YES;
				CLANG_WARN_ENUM_CONVERSION = YES;
				CLANG_WARN_INFINITE_RECURSION = YES;
				CLANG_WARN_INT_CONVERSION = YES;
				CLANG_WARN_NON_LITERAL_NULL_CONVERSION = YES;
				CLANG_WARN_OBJC_IMPLICIT_RETAIN_SELF = YES;
				CLANG_WARN_OBJC_LITERAL_CONVERSION = YES;
				CLANG_WARN_OBJC_ROOT_CLASS = YES_ERROR;
				CLANG_WARN_QUOTED_INCLUDE_IN_FRAMEWORK_HEADER = YES;
				CLANG_WARN_RANGE_LOOP_ANALYSIS = YES;
				CLANG_WARN_STRICT_PROTOTYPES = YES;
				CLANG_WARN_SUSPICIOUS_MOVE = YES;
				CLANG_WARN_UNGUARDED_AVAILABILITY = YES_AGGRESSIVE;
				CLANG_WARN_UNREACHABLE_CODE = YES;
				CLANG_WARN__DUPLICATE_METHOD_MATCH = YES;
				COPY_PHASE_STRIP = NO;
				DEBUG_INFORMATION_FORMAT = "dwarf-with-dsym";
				ENABLE_NS_ASSERTIONS = NO;
				ENABLE_STRICT_OBJC_MSGSEND = YES;
				GCC_C_LANGUAGE_STANDARD = gnu11;
				GCC_NO_COMMON_BLOCKS = YES;
				GCC_WARN_64_TO_32_BIT_CONVERSION = YES;
				GCC_WARN_ABOUT_RETURN_TYPE = YES_ERROR;
				GCC_WARN_UNDECLARED_SELECTOR = YES;
				GCC_WARN_UNINITIALIZED_AUTOS = YES_AGGRESSIVE;
				GCC_WARN_UNUSED_FUNCTION = YES;
				GCC_WARN_UNUSED_VARIABLE = YES;
				IPHONEOS_DEPLOYMENT_TARGET = 15.5;
				MTL_ENABLE_DEBUG_INFO = NO;
				MTL_FAST_MATH = YES;
				SDKROOT = iphoneos;
				SWIFT_COMPILATION_MODE = wholemodule;
				SWIFT_OPTIMIZATION_LEVEL = "-O";
				VALIDATE_PRODUCT = YES;
			};
			name = Release;
		};
		F756371C287994FA0013EBC7 /* Debug */ = {
			isa = XCBuildConfiguration;
			baseConfigurationReference = 7F8D200A6B7D79779F6DECD6 /* Pods-Nate Assignment.debug.xcconfig */;
			buildSettings = {
				ASSETCATALOG_COMPILER_APPICON_NAME = AppIcon;
				ASSETCATALOG_COMPILER_GLOBAL_ACCENT_COLOR_NAME = AccentColor;
				CODE_SIGN_STYLE = Automatic;
				CURRENT_PROJECT_VERSION = 1;
				DEVELOPMENT_TEAM = WCCD734S9L;
				GENERATE_INFOPLIST_FILE = YES;
				INFOPLIST_FILE = "Nate Assignment/Info.plist";
				INFOPLIST_KEY_UIApplicationSupportsIndirectInputEvents = YES;
				INFOPLIST_KEY_UILaunchStoryboardName = LaunchScreen;
				INFOPLIST_KEY_UIMainStoryboardFile = Main;
				INFOPLIST_KEY_UISupportedInterfaceOrientations_iPad = "UIInterfaceOrientationPortrait UIInterfaceOrientationPortraitUpsideDown UIInterfaceOrientationLandscapeLeft UIInterfaceOrientationLandscapeRight";
				INFOPLIST_KEY_UISupportedInterfaceOrientations_iPhone = "UIInterfaceOrientationPortrait UIInterfaceOrientationLandscapeLeft UIInterfaceOrientationLandscapeRight";
				IPHONEOS_DEPLOYMENT_TARGET = 14.0;
				LD_RUNPATH_SEARCH_PATHS = (
					"$(inherited)",
					"@executable_path/Frameworks",
				);
				MARKETING_VERSION = 1.0;
				PRODUCT_BUNDLE_IDENTIFIER = "com.kalspas.Nate-Assignment";
				PRODUCT_NAME = "$(TARGET_NAME)";
				SWIFT_EMIT_LOC_STRINGS = YES;
				SWIFT_VERSION = 5.0;
				TARGETED_DEVICE_FAMILY = "1,2";
			};
			name = Debug;
		};
		F756371D287994FA0013EBC7 /* Release */ = {
			isa = XCBuildConfiguration;
			baseConfigurationReference = EB63EF71D21B5C6E293B1784 /* Pods-Nate Assignment.release.xcconfig */;
			buildSettings = {
				ASSETCATALOG_COMPILER_APPICON_NAME = AppIcon;
				ASSETCATALOG_COMPILER_GLOBAL_ACCENT_COLOR_NAME = AccentColor;
				CODE_SIGN_STYLE = Automatic;
				CURRENT_PROJECT_VERSION = 1;
				DEVELOPMENT_TEAM = WCCD734S9L;
				GENERATE_INFOPLIST_FILE = YES;
				INFOPLIST_FILE = "Nate Assignment/Info.plist";
				INFOPLIST_KEY_UIApplicationSupportsIndirectInputEvents = YES;
				INFOPLIST_KEY_UILaunchStoryboardName = LaunchScreen;
				INFOPLIST_KEY_UIMainStoryboardFile = Main;
				INFOPLIST_KEY_UISupportedInterfaceOrientations_iPad = "UIInterfaceOrientationPortrait UIInterfaceOrientationPortraitUpsideDown UIInterfaceOrientationLandscapeLeft UIInterfaceOrientationLandscapeRight";
				INFOPLIST_KEY_UISupportedInterfaceOrientations_iPhone = "UIInterfaceOrientationPortrait UIInterfaceOrientationLandscapeLeft UIInterfaceOrientationLandscapeRight";
				IPHONEOS_DEPLOYMENT_TARGET = 14.0;
				LD_RUNPATH_SEARCH_PATHS = (
					"$(inherited)",
					"@executable_path/Frameworks",
				);
				MARKETING_VERSION = 1.0;
				PRODUCT_BUNDLE_IDENTIFIER = "com.kalspas.Nate-Assignment";
				PRODUCT_NAME = "$(TARGET_NAME)";
				SWIFT_EMIT_LOC_STRINGS = YES;
				SWIFT_VERSION = 5.0;
				TARGETED_DEVICE_FAMILY = "1,2";
			};
			name = Release;
		};
		F756371F287994FA0013EBC7 /* Debug */ = {
			isa = XCBuildConfiguration;
			baseConfigurationReference = C001E87C8D41D22C80FD3803 /* Pods-Nate AssignmentTests.debug.xcconfig */;
			buildSettings = {
				ALWAYS_EMBED_SWIFT_STANDARD_LIBRARIES = YES;
				BUNDLE_LOADER = "$(TEST_HOST)";
				CODE_SIGN_STYLE = Automatic;
				CURRENT_PROJECT_VERSION = 1;
				DEVELOPMENT_TEAM = WCCD734S9L;
				GENERATE_INFOPLIST_FILE = YES;
				IPHONEOS_DEPLOYMENT_TARGET = 15.5;
				MARKETING_VERSION = 1.0;
				PRODUCT_BUNDLE_IDENTIFIER = "com.kalspas.Nate-AssignmentTests";
				PRODUCT_NAME = "$(TARGET_NAME)";
				SWIFT_EMIT_LOC_STRINGS = NO;
				SWIFT_VERSION = 5.0;
				TARGETED_DEVICE_FAMILY = "1,2";
				TEST_HOST = "$(BUILT_PRODUCTS_DIR)/Nate Assignment.app/Nate Assignment";
			};
			name = Debug;
		};
		F7563720287994FA0013EBC7 /* Release */ = {
			isa = XCBuildConfiguration;
			baseConfigurationReference = FF07C51D020AC9ECFCB2EB48 /* Pods-Nate AssignmentTests.release.xcconfig */;
			buildSettings = {
				ALWAYS_EMBED_SWIFT_STANDARD_LIBRARIES = YES;
				BUNDLE_LOADER = "$(TEST_HOST)";
				CODE_SIGN_STYLE = Automatic;
				CURRENT_PROJECT_VERSION = 1;
				DEVELOPMENT_TEAM = WCCD734S9L;
				GENERATE_INFOPLIST_FILE = YES;
				IPHONEOS_DEPLOYMENT_TARGET = 15.5;
				MARKETING_VERSION = 1.0;
				PRODUCT_BUNDLE_IDENTIFIER = "com.kalspas.Nate-AssignmentTests";
				PRODUCT_NAME = "$(TARGET_NAME)";
				SWIFT_EMIT_LOC_STRINGS = NO;
				SWIFT_VERSION = 5.0;
				TARGETED_DEVICE_FAMILY = "1,2";
				TEST_HOST = "$(BUILT_PRODUCTS_DIR)/Nate Assignment.app/Nate Assignment";
			};
			name = Release;
		};
		F7563722287994FA0013EBC7 /* Debug */ = {
			isa = XCBuildConfiguration;
			baseConfigurationReference = 7D36D623012063335D57329F /* Pods-Nate Assignment-Nate AssignmentUITests.debug.xcconfig */;
			buildSettings = {
				ALWAYS_EMBED_SWIFT_STANDARD_LIBRARIES = YES;
				CODE_SIGN_STYLE = Automatic;
				CURRENT_PROJECT_VERSION = 1;
				DEVELOPMENT_TEAM = WCCD734S9L;
				GENERATE_INFOPLIST_FILE = YES;
				MARKETING_VERSION = 1.0;
				PRODUCT_BUNDLE_IDENTIFIER = "com.kalspas.Nate-AssignmentUITests";
				PRODUCT_NAME = "$(TARGET_NAME)";
				SWIFT_EMIT_LOC_STRINGS = NO;
				SWIFT_VERSION = 5.0;
				TARGETED_DEVICE_FAMILY = "1,2";
				TEST_TARGET_NAME = "Nate Assignment";
			};
			name = Debug;
		};
		F7563723287994FA0013EBC7 /* Release */ = {
			isa = XCBuildConfiguration;
			baseConfigurationReference = F153645E09ABAF31B1724413 /* Pods-Nate Assignment-Nate AssignmentUITests.release.xcconfig */;
			buildSettings = {
				ALWAYS_EMBED_SWIFT_STANDARD_LIBRARIES = YES;
				CODE_SIGN_STYLE = Automatic;
				CURRENT_PROJECT_VERSION = 1;
				DEVELOPMENT_TEAM = WCCD734S9L;
				GENERATE_INFOPLIST_FILE = YES;
				MARKETING_VERSION = 1.0;
				PRODUCT_BUNDLE_IDENTIFIER = "com.kalspas.Nate-AssignmentUITests";
				PRODUCT_NAME = "$(TARGET_NAME)";
				SWIFT_EMIT_LOC_STRINGS = NO;
				SWIFT_VERSION = 5.0;
				TARGETED_DEVICE_FAMILY = "1,2";
				TEST_TARGET_NAME = "Nate Assignment";
			};
			name = Release;
		};
/* End XCBuildConfiguration section */

/* Begin XCConfigurationList section */
		F75636EC287994F70013EBC7 /* Build configuration list for PBXProject "Nate Assignment" */ = {
			isa = XCConfigurationList;
			buildConfigurations = (
				F7563719287994FA0013EBC7 /* Debug */,
				F756371A287994FA0013EBC7 /* Release */,
			);
			defaultConfigurationIsVisible = 0;
			defaultConfigurationName = Release;
		};
		F756371B287994FA0013EBC7 /* Build configuration list for PBXNativeTarget "Nate Assignment" */ = {
			isa = XCConfigurationList;
			buildConfigurations = (
				F756371C287994FA0013EBC7 /* Debug */,
				F756371D287994FA0013EBC7 /* Release */,
			);
			defaultConfigurationIsVisible = 0;
			defaultConfigurationName = Release;
		};
		F756371E287994FA0013EBC7 /* Build configuration list for PBXNativeTarget "Nate AssignmentTests" */ = {
			isa = XCConfigurationList;
			buildConfigurations = (
				F756371F287994FA0013EBC7 /* Debug */,
				F7563720287994FA0013EBC7 /* Release */,
			);
			defaultConfigurationIsVisible = 0;
			defaultConfigurationName = Release;
		};
		F7563721287994FA0013EBC7 /* Build configuration list for PBXNativeTarget "Nate AssignmentUITests" */ = {
			isa = XCConfigurationList;
			buildConfigurations = (
				F7563722287994FA0013EBC7 /* Debug */,
				F7563723287994FA0013EBC7 /* Release */,
			);
			defaultConfigurationIsVisible = 0;
			defaultConfigurationName = Release;
		};
/* End XCConfigurationList section */
	};
	rootObject = F75636E9287994F70013EBC7 /* Project object */;
}
